
Microsoft Visual Studio Solution File, Format Version 12.00
# Visual Studio 15
VisualStudioVersion = 15.0.27703.2018
MinimumVisualStudioVersion = 10.0.40219.1
Project("{FAE04EC0-301F-11D3-BF4B-00C04F79EFBC}") = "CC_Synchronizer", "CC_Synchronizer\CC_Synchronizer.csproj", "{8468DAE2-9729-491F-9CF0-869478763403}"
EndProject
Project("{FAE04EC0-301F-11D3-BF4B-00C04F79EFBC}") = "FrontendServiceProvider", "FrontendServiceProvider\FrontendServiceProvider.csproj", "{FDD95D55-81A7-48D8-A845-08A267B2FA2B}"
EndProject
Project("{FAE04EC0-301F-11D3-BF4B-00C04F79EFBC}") = "BackendDataHandler", "BackendDataHandler\BackendDataHandler.csproj", "{86386307-7A44-4300-B3F4-DE6D7C2BBCD6}"
EndProject
Project("{FAE04EC0-301F-11D3-BF4B-00C04F79EFBC}") = "RESTFrontendService", "RESTFrontendService\RESTFrontendService.csproj", "{DEB1F2EE-9515-4AEF-9924-04BC1DB5666E}"
EndProject
Project("{FAE04EC0-301F-11D3-BF4B-00C04F79EFBC}") = "AppSharedClasses", "AppSharedClasses\AppSharedClasses.csproj", "{77139AB5-961D-48C2-8855-C2E5DB6DD1DA}"
EndProject
Global
	GlobalSection(SolutionConfigurationPlatforms) = preSolution
		Debug|Any CPU = Debug|Any CPU
		Release|Any CPU = Release|Any CPU
	EndGlobalSection
	GlobalSection(ProjectConfigurationPlatforms) = postSolution
		{8468DAE2-9729-491F-9CF0-869478763403}.Debug|Any CPU.ActiveCfg = Debug|Any CPU
		{8468DAE2-9729-491F-9CF0-869478763403}.Debug|Any CPU.Build.0 = Debug|Any CPU
		{8468DAE2-9729-491F-9CF0-869478763403}.Release|Any CPU.ActiveCfg = Release|Any CPU
		{8468DAE2-9729-491F-9CF0-869478763403}.Release|Any CPU.Build.0 = Release|Any CPU
		{FDD95D55-81A7-48D8-A845-08A267B2FA2B}.Debug|Any CPU.ActiveCfg = Debug|Any CPU
		{FDD95D55-81A7-48D8-A845-08A267B2FA2B}.Debug|Any CPU.Build.0 = Debug|Any CPU
		{FDD95D55-81A7-48D8-A845-08A267B2FA2B}.Release|Any CPU.ActiveCfg = Release|Any CPU
		{FDD95D55-81A7-48D8-A845-08A267B2FA2B}.Release|Any CPU.Build.0 = Release|Any CPU
		{86386307-7A44-4300-B3F4-DE6D7C2BBCD6}.Debug|Any CPU.ActiveCfg = Debug|Any CPU
		{86386307-7A44-4300-B3F4-DE6D7C2BBCD6}.Debug|Any CPU.Build.0 = Debug|Any CPU
		{86386307-7A44-4300-B3F4-DE6D7C2BBCD6}.Release|Any CPU.ActiveCfg = Release|Any CPU
		{86386307-7A44-4300-B3F4-DE6D7C2BBCD6}.Release|Any CPU.Build.0 = Release|Any CPU
		{DEB1F2EE-9515-4AEF-9924-04BC1DB5666E}.Debug|Any CPU.ActiveCfg = Debug|Any CPU
		{DEB1F2EE-9515-4AEF-9924-04BC1DB5666E}.Debug|Any CPU.Build.0 = Debug|Any CPU
		{DEB1F2EE-9515-4AEF-9924-04BC1DB5666E}.Release|Any CPU.ActiveCfg = Release|Any CPU
		{DEB1F2EE-9515-4AEF-9924-04BC1DB5666E}.Release|Any CPU.Build.0 = Release|Any CPU
		{77139AB5-961D-48C2-8855-C2E5DB6DD1DA}.Debug|Any CPU.ActiveCfg = Debug|Any CPU
		{77139AB5-961D-48C2-8855-C2E5DB6DD1DA}.Debug|Any CPU.Build.0 = Debug|Any CPU
		{77139AB5-961D-48C2-8855-C2E5DB6DD1DA}.Release|Any CPU.ActiveCfg = Release|Any CPU
		{77139AB5-961D-48C2-8855-C2E5DB6DD1DA}.Release|Any CPU.Build.0 = Release|Any CPU
	EndGlobalSection
	GlobalSection(SolutionProperties) = preSolution
		HideSolutionNode = FALSE
	EndGlobalSection
	GlobalSection(ExtensibilityGlobals) = postSolution
		SolutionGuid = {AAD77693-D3EF-4822-B65C-F76DC2ECCE85}
	EndGlobalSection
EndGlobal
